
Microsoft Visual Studio Solution File, Format Version 12.00
# Visual Studio Version 17
VisualStudioVersion = 17.9.34616.47
MinimumVisualStudioVersion = 10.0.40219.1
Project("{8BC9CEB8-8B4A-11D0-8D11-00A0C91BC942}") = "aoc2024_10", "aoc2024_10\aoc2024_10.vcxproj", "{FCB8586E-DDAB-423D-AE63-917A975723D1}"
EndProject
Global
	GlobalSection(SolutionConfigurationPlatforms) = preSolution
		Debug|x64 = Debug|x64
		Debug|x86 = Debug|x86
		Release|x64 = Release|x64
		Release|x86 = Release|x86
	EndGlobalSection
	GlobalSection(ProjectConfigurationPlatforms) = postSolution
		{FCB8586E-DDAB-423D-AE63-917A975723D1}.Debug|x64.ActiveCfg = Debug|x64
		{FCB8586E-DDAB-423D-AE63-917A975723D1}.Debug|x64.Build.0 = Debug|x64
		{FCB8586E-DDAB-423D-AE63-917A975723D1}.Debug|x86.ActiveCfg = Debug|Win32
		{FCB8586E-DDAB-423D-AE63-917A975723D1}.Debug|x86.Build.0 = Debug|Win32
		{FCB8586E-DDAB-423D-AE63-917A975723D1}.Release|x64.ActiveCfg = Release|x64
		{FCB8586E-DDAB-423D-AE63-917A975723D1}.Release|x64.Build.0 = Release|x64
		{FCB8586E-DDAB-423D-AE63-917A975723D1}.Release|x86.ActiveCfg = Release|Win32
		{FCB8586E-DDAB-423D-AE63-917A975723D1}.Release|x86.Build.0 = Release|Win32
	EndGlobalSection
	GlobalSection(SolutionProperties) = preSolution
		HideSolutionNode = FALSE
	EndGlobalSection
	GlobalSection(ExtensibilityGlobals) = postSolution
		SolutionGuid = {B489511A-C501-44F0-95A6-3E92398169AF}
	EndGlobalSection
EndGlobal
